
Microsoft Visual Studio Solution File, Format Version 12.00
# Visual Studio Version 16
VisualStudioVersion = 16.0.31129.286
MinimumVisualStudioVersion = 10.0.40219.1
Project("{FAE04EC0-301F-11D3-BF4B-00C04F79EFBC}") = "Soru1", "Soru1.csproj", "{B5973E41-58DA-4CB9-8797-C508FDAE9FEF}"
EndProject
Global
	GlobalSection(SolutionConfigurationPlatforms) = preSolution
		Debug|Any CPU = Debug|Any CPU
		Release|Any CPU = Release|Any CPU
	EndGlobalSection
	GlobalSection(ProjectConfigurationPlatforms) = postSolution
		{B5973E41-58DA-4CB9-8797-C508FDAE9FEF}.Debug|Any CPU.ActiveCfg = Debug|Any CPU
		{B5973E41-58DA-4CB9-8797-C508FDAE9FEF}.Debug|Any CPU.Build.0 = Debug|Any CPU
		{B5973E41-58DA-4CB9-8797-C508FDAE9FEF}.Release|Any CPU.ActiveCfg = Release|Any CPU
		{B5973E41-58DA-4CB9-8797-C508FDAE9FEF}.Release|Any CPU.Build.0 = Release|Any CPU
	EndGlobalSection
	GlobalSection(SolutionProperties) = preSolution
		HideSolutionNode = FALSE
	EndGlobalSection
	GlobalSection(ExtensibilityGlobals) = postSolution
		SolutionGuid = {68D6EA56-EFE6-43E9-80D3-D609DD83DEC3}
	EndGlobalSection
EndGlobal
