
Microsoft Visual Studio Solution File, Format Version 12.00
# Visual Studio Version 16
VisualStudioVersion = 16.0.31129.286
MinimumVisualStudioVersion = 10.0.40219.1
Project("{FAE04EC0-301F-11D3-BF4B-00C04F79EFBC}") = "Soru2", "Soru2.csproj", "{892C6C06-4B08-4C53-8DE1-9B2CB97844FC}"
EndProject
Global
	GlobalSection(SolutionConfigurationPlatforms) = preSolution
		Debug|Any CPU = Debug|Any CPU
		Release|Any CPU = Release|Any CPU
	EndGlobalSection
	GlobalSection(ProjectConfigurationPlatforms) = postSolution
		{892C6C06-4B08-4C53-8DE1-9B2CB97844FC}.Debug|Any CPU.ActiveCfg = Debug|Any CPU
		{892C6C06-4B08-4C53-8DE1-9B2CB97844FC}.Debug|Any CPU.Build.0 = Debug|Any CPU
		{892C6C06-4B08-4C53-8DE1-9B2CB97844FC}.Release|Any CPU.ActiveCfg = Release|Any CPU
		{892C6C06-4B08-4C53-8DE1-9B2CB97844FC}.Release|Any CPU.Build.0 = Release|Any CPU
	EndGlobalSection
	GlobalSection(SolutionProperties) = preSolution
		HideSolutionNode = FALSE
	EndGlobalSection
	GlobalSection(ExtensibilityGlobals) = postSolution
		SolutionGuid = {C0796541-C44B-4DEE-9FAF-B3B3E1BFF58F}
	EndGlobalSection
EndGlobal
